
Microsoft Visual Studio Solution File, Format Version 12.00
# Visual Studio Version 16
VisualStudioVersion = 16.0.30804.86
MinimumVisualStudioVersion = 10.0.40219.1
Project("{FAE04EC0-301F-11D3-BF4B-00C04F79EFBC}") = "Text Editor", "Text Editor\Text Editor.csproj", "{4148497D-47D4-43AB-97FF-BE36CFCDACB1}"
EndProject
Project("{54435603-DBB4-11D2-8724-00A0C9A8B90C}") = "TextEditorSetup", "TextEditorSetup\TextEditorSetup.vdproj", "{906A0D39-2FD3-4134-A76A-7CC9C07AE09C}"
EndProject
Global
	GlobalSection(SolutionConfigurationPlatforms) = preSolution
		Debug|Any CPU = Debug|Any CPU
		Release|Any CPU = Release|Any CPU
	EndGlobalSection
	GlobalSection(ProjectConfigurationPlatforms) = postSolution
		{4148497D-47D4-43AB-97FF-BE36CFCDACB1}.Debug|Any CPU.ActiveCfg = Debug|Any CPU
		{4148497D-47D4-43AB-97FF-BE36CFCDACB1}.Debug|Any CPU.Build.0 = Debug|Any CPU
		{4148497D-47D4-43AB-97FF-BE36CFCDACB1}.Release|Any CPU.ActiveCfg = Release|Any CPU
		{4148497D-47D4-43AB-97FF-BE36CFCDACB1}.Release|Any CPU.Build.0 = Release|Any CPU
		{906A0D39-2FD3-4134-A76A-7CC9C07AE09C}.Debug|Any CPU.ActiveCfg = Debug
		{906A0D39-2FD3-4134-A76A-7CC9C07AE09C}.Release|Any CPU.ActiveCfg = Release
	EndGlobalSection
	GlobalSection(SolutionProperties) = preSolution
		HideSolutionNode = FALSE
	EndGlobalSection
	GlobalSection(ExtensibilityGlobals) = postSolution
		SolutionGuid = {A23DFAD9-575F-415B-8175-F02732F68E20}
	EndGlobalSection
EndGlobal
